Microsoft Visual Studio Solution File, Format Version 12.00
# Visual Studio Version 17
VisualStudioVersion = 17.0.31717.71
MinimumVisualStudioVersion = 10.0.40219.1
Project("{9A19103F-16F7-4668-BE54-9A1E7A4F7556}") = "EDMS.DSM.Server", "Server\EDMS.DSM.Server.csproj", "{B6364B94-3962-4F79-9994-EEB0683A19E1}"
	ProjectSection(ProjectDependencies) = postProject
		{6C8DA858-59CC-4ED2-B4A0-34F28F2345B8} = {6C8DA858-59CC-4ED2-B4A0-34F28F2345B8}
	EndProjectSection
EndProject
Project("{9A19103F-16F7-4668-BE54-9A1E7A4F7556}") = "EDMS.DSM.Client", "Client\EDMS.DSM.Client.csproj", "{B90AA0D7-5934-472F-8118-2585880CFA66}"
EndProject
Project("{9A19103F-16F7-4668-BE54-9A1E7A4F7556}") = "EDMS.Shared", "Shared\EDMS.Shared.csproj", "{EA294380-23A5-4E68-AA8E-46ABA631920D}"
EndProject
Project("{2150E333-8FDC-42A3-9474-1A3956D46DE8}") = "Modules", "Modules", "{0E93AFBB-0FC4-4630-A24B-A3B067E64917}"
EndProject
Project("{FAE04EC0-301F-11D3-BF4B-00C04F79EFBC}") = "EDM.PDFMappingVariables", "Libs\EDM.PDFMappingVariables\EDM.PDFMappingVariables.csproj", "{6C8DA858-59CC-4ED2-B4A0-34F28F2345B8}"
EndProject
Project("{FAE04EC0-301F-11D3-BF4B-00C04F79EFBC}") = "EDM.Setting", "Libs\EDM.Setting\EDM.Setting.csproj", "{729F8366-F5E2-4C1E-857C-D37A4F270BAB}"
EndProject
Project("{FAE04EC0-301F-11D3-BF4B-00C04F79EFBC}") = "EDMS.DSM.Data", "EDMS.DSM.Data\EDMS.DSM.Data.csproj", "{0AF15209-3051-4A42-94FC-E4C86B57662E}"
EndProject
Project("{FAE04EC0-301F-11D3-BF4B-00C04F79EFBC}") = "EDM.DocFile", "Libs\EDM.DocFile\EDM.DocFile.csproj", "{EF452E04-7902-4BB3-90EE-3DA4FB7F7808}"
EndProject
Project("{FAE04EC0-301F-11D3-BF4B-00C04F79EFBC}") = "EDM.ContentHandler", "Libs\EDM.ContentHandler\EDM.ContentHandler.csproj", "{1D5C1C1E-1D1A-4C6D-93E0-852253AB4C39}"
EndProject
Project("{FAE04EC0-301F-11D3-BF4B-00C04F79EFBC}") = "EDM.Common", "Libs\EDM.Common\EDM.Common.csproj", "{8B5B38FF-5E68-4A44-8C5C-E59884DCC503}"
EndProject
Project("{FAE04EC0-301F-11D3-BF4B-00C04F79EFBC}") = "EDM.DocType", "Libs\EDM.DocType\EDM.DocType.csproj", "{7E5BB9F0-1E08-40FA-BEE3-A392DD676B68}"
EndProject
Project("{FAE04EC0-301F-11D3-BF4B-00C04F79EFBC}") = "EDM.DataExport", "Libs\EDM.DataExport\EDM.DataExport.csproj", "{3C7B37E7-335D-4670-9B96-7CA458418839}"
EndProject
Project("{FAE04EC0-301F-11D3-BF4B-00C04F79EFBC}") = "EDM.CommunicationTemplate", "Libs\EDM.CommunicationTemplate\EDM.CommunicationTemplate.csproj", "{A27892EF-EF12-41C1-98D9-8D5B9478FADA}"
EndProject
Project("{FAE04EC0-301F-11D3-BF4B-00C04F79EFBC}") = "EDM.Navigation", "Libs\EDM.Navigation\EDM.Navigation.csproj", "{7E7B4974-B3DC-4DEE-911B-98E93E33DFA6}"
EndProject
Project("{FAE04EC0-301F-11D3-BF4B-00C04F79EFBC}") = "EDM.Email", "Libs\EDM.Email\EDM.Email.csproj", "{03C1DEAF-10DA-4C59-93CB-AFEE3C3A736B}"
EndProject
Project("{FAE04EC0-301F-11D3-BF4B-00C04F79EFBC}") = "EDM.Codes", "Libs\EDM.Codes\EDM.Codes.csproj", "{7ACC0C27-0A5D-4124-A270-88C08F0C38E5}"
EndProject
Project("{FAE04EC0-301F-11D3-BF4B-00C04F79EFBC}") = "EDM.Group", "Libs\EDM.Group\EDM.Group.csproj", "{25CC99E6-7596-4B55-89CB-63E6D4FEAE2A}"
EndProject
Project("{FAE04EC0-301F-11D3-BF4B-00C04F79EFBC}") = "EDM.Program", "Libs\EDM.Program\EDM.Program.csproj", "{EA98B19F-FD23-4E81-86AE-457C1B75675C}"
EndProject
Global
	GlobalSection(SolutionConfigurationPlatforms) = preSolution
		Debug|Any CPU = Debug|Any CPU
		Release|Any CPU = Release|Any CPU
	EndGlobalSection
	GlobalSection(ProjectConfigurationPlatforms) = postSolution
		{B6364B94-3962-4F79-9994-EEB0683A19E1}.Debug|Any CPU.ActiveCfg = Debug|Any CPU
		{B6364B94-3962-4F79-9994-EEB0683A19E1}.Debug|Any CPU.Build.0 = Debug|Any CPU
		{B6364B94-3962-4F79-9994-EEB0683A19E1}.Release|Any CPU.ActiveCfg = Release|Any CPU
		{B6364B94-3962-4F79-9994-EEB0683A19E1}.Release|Any CPU.Build.0 = Release|Any CPU
		{B90AA0D7-5934-472F-8118-2585880CFA66}.Debug|Any CPU.ActiveCfg = Debug|Any CPU
		{B90AA0D7-5934-472F-8118-2585880CFA66}.Debug|Any CPU.Build.0 = Debug|Any CPU
		{B90AA0D7-5934-472F-8118-2585880CFA66}.Release|Any CPU.ActiveCfg = Release|Any CPU
		{B90AA0D7-5934-472F-8118-2585880CFA66}.Release|Any CPU.Build.0 = Release|Any CPU
		{EA294380-23A5-4E68-AA8E-46ABA631920D}.Debug|Any CPU.ActiveCfg = Debug|Any CPU
		{EA294380-23A5-4E68-AA8E-46ABA631920D}.Debug|Any CPU.Build.0 = Debug|Any CPU
		{EA294380-23A5-4E68-AA8E-46ABA631920D}.Release|Any CPU.ActiveCfg = Release|Any CPU
		{EA294380-23A5-4E68-AA8E-46ABA631920D}.Release|Any CPU.Build.0 = Release|Any CPU
		{6C8DA858-59CC-4ED2-B4A0-34F28F2345B8}.Debug|Any CPU.ActiveCfg = Debug|Any CPU
		{6C8DA858-59CC-4ED2-B4A0-34F28F2345B8}.Debug|Any CPU.Build.0 = Debug|Any CPU
		{6C8DA858-59CC-4ED2-B4A0-34F28F2345B8}.Release|Any CPU.ActiveCfg = Release|Any CPU
		{6C8DA858-59CC-4ED2-B4A0-34F28F2345B8}.Release|Any CPU.Build.0 = Release|Any CPU
		{729F8366-F5E2-4C1E-857C-D37A4F270BAB}.Debug|Any CPU.ActiveCfg = Debug|Any CPU
		{729F8366-F5E2-4C1E-857C-D37A4F270BAB}.Debug|Any CPU.Build.0 = Debug|Any CPU
		{729F8366-F5E2-4C1E-857C-D37A4F270BAB}.Release|Any CPU.ActiveCfg = Release|Any CPU
		{729F8366-F5E2-4C1E-857C-D37A4F270BAB}.Release|Any CPU.Build.0 = Release|Any CPU
		{0AF15209-3051-4A42-94FC-E4C86B57662E}.Debug|Any CPU.ActiveCfg = Debug|Any CPU
		{0AF15209-3051-4A42-94FC-E4C86B57662E}.Debug|Any CPU.Build.0 = Debug|Any CPU
		{0AF15209-3051-4A42-94FC-E4C86B57662E}.Release|Any CPU.ActiveCfg = Release|Any CPU
		{0AF15209-3051-4A42-94FC-E4C86B57662E}.Release|Any CPU.Build.0 = Release|Any CPU
		{EF452E04-7902-4BB3-90EE-3DA4FB7F7808}.Debug|Any CPU.ActiveCfg = Debug|Any CPU
		{EF452E04-7902-4BB3-90EE-3DA4FB7F7808}.Debug|Any CPU.Build.0 = Debug|Any CPU
		{EF452E04-7902-4BB3-90EE-3DA4FB7F7808}.Release|Any CPU.ActiveCfg = Release|Any CPU
		{EF452E04-7902-4BB3-90EE-3DA4FB7F7808}.Release|Any CPU.Build.0 = Release|Any CPU
		{1D5C1C1E-1D1A-4C6D-93E0-852253AB4C39}.Debug|Any CPU.ActiveCfg = Debug|Any CPU
		{1D5C1C1E-1D1A-4C6D-93E0-852253AB4C39}.Debug|Any CPU.Build.0 = Debug|Any CPU
		{1D5C1C1E-1D1A-4C6D-93E0-852253AB4C39}.Release|Any CPU.ActiveCfg = Release|Any CPU
		{1D5C1C1E-1D1A-4C6D-93E0-852253AB4C39}.Release|Any CPU.Build.0 = Release|Any CPU
		{8B5B38FF-5E68-4A44-8C5C-E59884DCC503}.Debug|Any CPU.ActiveCfg = Debug|Any CPU
		{8B5B38FF-5E68-4A44-8C5C-E59884DCC503}.Debug|Any CPU.Build.0 = Debug|Any CPU
		{8B5B38FF-5E68-4A44-8C5C-E59884DCC503}.Release|Any CPU.ActiveCfg = Release|Any CPU
		{8B5B38FF-5E68-4A44-8C5C-E59884DCC503}.Release|Any CPU.Build.0 = Release|Any CPU
		{7E5BB9F0-1E08-40FA-BEE3-A392DD676B68}.Debug|Any CPU.ActiveCfg = Debug|Any CPU
		{7E5BB9F0-1E08-40FA-BEE3-A392DD676B68}.Debug|Any CPU.Build.0 = Debug|Any CPU
		{7E5BB9F0-1E08-40FA-BEE3-A392DD676B68}.Release|Any CPU.ActiveCfg = Release|Any CPU
		{7E5BB9F0-1E08-40FA-BEE3-A392DD676B68}.Release|Any CPU.Build.0 = Release|Any CPU
		{3C7B37E7-335D-4670-9B96-7CA458418839}.Debug|Any CPU.ActiveCfg = Debug|Any CPU
		{3C7B37E7-335D-4670-9B96-7CA458418839}.Debug|Any CPU.Build.0 = Debug|Any CPU
		{3C7B37E7-335D-4670-9B96-7CA458418839}.Release|Any CPU.ActiveCfg = Release|Any CPU
		{3C7B37E7-335D-4670-9B96-7CA458418839}.Release|Any CPU.Build.0 = Release|Any CPU
		{A27892EF-EF12-41C1-98D9-8D5B9478FADA}.Debug|Any CPU.ActiveCfg = Debug|Any CPU
		{A27892EF-EF12-41C1-98D9-8D5B9478FADA}.Debug|Any CPU.Build.0 = Debug|Any CPU
		{A27892EF-EF12-41C1-98D9-8D5B9478FADA}.Release|Any CPU.ActiveCfg = Release|Any CPU
		{A27892EF-EF12-41C1-98D9-8D5B9478FADA}.Release|Any CPU.Build.0 = Release|Any CPU
		{7E7B4974-B3DC-4DEE-911B-98E93E33DFA6}.Debug|Any CPU.ActiveCfg = Debug|Any CPU
		{7E7B4974-B3DC-4DEE-911B-98E93E33DFA6}.Debug|Any CPU.Build.0 = Debug|Any CPU
		{7E7B4974-B3DC-4DEE-911B-98E93E33DFA6}.Release|Any CPU.ActiveCfg = Release|Any CPU
		{7E7B4974-B3DC-4DEE-911B-98E93E33DFA6}.Release|Any CPU.Build.0 = Release|Any CPU
		{03C1DEAF-10DA-4C59-93CB-AFEE3C3A736B}.Debug|Any CPU.ActiveCfg = Debug|Any CPU
		{03C1DEAF-10DA-4C59-93CB-AFEE3C3A736B}.Debug|Any CPU.Build.0 = Debug|Any CPU
		{03C1DEAF-10DA-4C59-93CB-AFEE3C3A736B}.Release|Any CPU.ActiveCfg = Release|Any CPU
		{03C1DEAF-10DA-4C59-93CB-AFEE3C3A736B}.Release|Any CPU.Build.0 = Release|Any CPU
		{7ACC0C27-0A5D-4124-A270-88C08F0C38E5}.Debug|Any CPU.ActiveCfg = Debug|Any CPU
		{7ACC0C27-0A5D-4124-A270-88C08F0C38E5}.Debug|Any CPU.Build.0 = Debug|Any CPU
		{7ACC0C27-0A5D-4124-A270-88C08F0C38E5}.Release|Any CPU.ActiveCfg = Release|Any CPU
		{7ACC0C27-0A5D-4124-A270-88C08F0C38E5}.Release|Any CPU.Build.0 = Release|Any CPU
		{25CC99E6-7596-4B55-89CB-63E6D4FEAE2A}.Debug|Any CPU.ActiveCfg = Debug|Any CPU
		{25CC99E6-7596-4B55-89CB-63E6D4FEAE2A}.Debug|Any CPU.Build.0 = Debug|Any CPU
		{25CC99E6-7596-4B55-89CB-63E6D4FEAE2A}.Release|Any CPU.ActiveCfg = Release|Any CPU
		{25CC99E6-7596-4B55-89CB-63E6D4FEAE2A}.Release|Any CPU.Build.0 = Release|Any CPU
		{EA98B19F-FD23-4E81-86AE-457C1B75675C}.Debug|Any CPU.ActiveCfg = Debug|Any CPU
		{EA98B19F-FD23-4E81-86AE-457C1B75675C}.Debug|Any CPU.Build.0 = Debug|Any CPU
		{EA98B19F-FD23-4E81-86AE-457C1B75675C}.Release|Any CPU.ActiveCfg = Release|Any CPU
		{EA98B19F-FD23-4E81-86AE-457C1B75675C}.Release|Any CPU.Build.0 = Release|Any CPU
	EndGlobalSection
	GlobalSection(SolutionProperties) = preSolution
		HideSolutionNode = FALSE
	EndGlobalSection
	GlobalSection(NestedProjects) = preSolution
		{6C8DA858-59CC-4ED2-B4A0-34F28F2345B8} = {0E93AFBB-0FC4-4630-A24B-A3B067E64917}
		{729F8366-F5E2-4C1E-857C-D37A4F270BAB} = {0E93AFBB-0FC4-4630-A24B-A3B067E64917}
		{EF452E04-7902-4BB3-90EE-3DA4FB7F7808} = {0E93AFBB-0FC4-4630-A24B-A3B067E64917}
		{1D5C1C1E-1D1A-4C6D-93E0-852253AB4C39} = {0E93AFBB-0FC4-4630-A24B-A3B067E64917}
		{8B5B38FF-5E68-4A44-8C5C-E59884DCC503} = {0E93AFBB-0FC4-4630-A24B-A3B067E64917}
		{7E5BB9F0-1E08-40FA-BEE3-A392DD676B68} = {0E93AFBB-0FC4-4630-A24B-A3B067E64917}
		{3C7B37E7-335D-4670-9B96-7CA458418839} = {0E93AFBB-0FC4-4630-A24B-A3B067E64917}
		{A27892EF-EF12-41C1-98D9-8D5B9478FADA} = {0E93AFBB-0FC4-4630-A24B-A3B067E64917}
		{7E7B4974-B3DC-4DEE-911B-98E93E33DFA6} = {0E93AFBB-0FC4-4630-A24B-A3B067E64917}
		{03C1DEAF-10DA-4C59-93CB-AFEE3C3A736B} = {0E93AFBB-0FC4-4630-A24B-A3B067E64917}
		{7ACC0C27-0A5D-4124-A270-88C08F0C38E5} = {0E93AFBB-0FC4-4630-A24B-A3B067E64917}
		{25CC99E6-7596-4B55-89CB-63E6D4FEAE2A} = {0E93AFBB-0FC4-4630-A24B-A3B067E64917}
		{EA98B19F-FD23-4E81-86AE-457C1B75675C} = {0E93AFBB-0FC4-4630-A24B-A3B067E64917}
	EndGlobalSection
	GlobalSection(ExtensibilityGlobals) = postSolution
		SolutionGuid = {BE50C196-9371-4ACA-B47F-7B8870E81C21}
	EndGlobalSection
EndGlobal
